PODS:
  - Ads-CN/BUAdSDK (6.8.1.3)
  - Ads-CN/CSJMediation (6.8.1.3):
    - Ads-CN/BUAdSDK
  - Ads-Global (6.5.0.8):
    - Ads-Global/BUAdSDK (= 6.5.0.8)
  - Ads-Global/BUAdSDK (6.5.0.8)
  - AFNetworking (4.0.1):
    - AFNetworking/NSURLSession (= 4.0.1)
    - AFNetworking/Reachability (= 4.0.1)
    - AFNetworking/Security (= 4.0.1)
    - AFNetworking/Serialization (= 4.0.1)
    - AFNetworking/UIKit (= 4.0.1)
  - AFNetworking/NSURLSession (4.0.1):
    - AFNetworking/Reachability
    - AFNetworking/Security
    - AFNetworking/Serialization
  - AFNetworking/Reachability (4.0.1)
  - AFNetworking/Security (4.0.1)
  - AFNetworking/Serialization (4.0.1)
  - AFNetworking/UIKit (4.0.1):
    - AFNetworking/NSURLSession
  - AppLovinSDK (13.1.0)
  - AppMetricaCore (5.8.2):
    - AppMetricaCoreUtils (= 5.8.2)
    - AppMetricaEncodingUtils (= 5.8.2)
    - AppMetricaFMDB (= 5.8.2)
    - AppMetricaHostState (= 5.8.2)
    - AppMetricaLog (= 5.8.2)
    - AppMetricaNetwork (= 5.8.2)
    - AppMetricaPlatform (= 5.8.2)
    - AppMetricaProtobuf (= 5.8.2)
    - AppMetricaProtobufUtils (= 5.8.2)
    - AppMetricaStorageUtils (= 5.8.2)
  - AppMetricaCoreExtension (5.8.2):
    - AppMetricaCore (= 5.8.2)
    - AppMetricaStorageUtils (= 5.8.2)
  - AppMetricaCoreUtils (5.8.2):
    - AppMetricaLog (= 5.8.2)
  - AppMetricaCrashes (5.8.2):
    - AppMetricaCore (= 5.8.2)
    - AppMetricaCoreExtension (= 5.8.2)
    - AppMetricaCoreUtils (= 5.8.2)
    - AppMetricaEncodingUtils (= 5.8.2)
    - AppMetricaHostState (= 5.8.2)
    - AppMetricaLog (= 5.8.2)
    - AppMetricaPlatform (= 5.8.2)
    - AppMetricaProtobufUtils (= 5.8.2)
    - AppMetricaStorageUtils (= 5.8.2)
    - KSCrash/Recording (< 2.1.0, >= 2.0.0-rc.1)
  - AppMetricaEncodingUtils (5.8.2):
    - AppMetricaCoreUtils (= 5.8.2)
    - AppMetricaLog (= 5.8.2)
    - AppMetricaPlatform (= 5.8.2)
  - AppMetricaFMDB (5.8.2)
  - AppMetricaHostState (5.8.2):
    - AppMetricaCoreUtils (= 5.8.2)
    - AppMetricaLog (= 5.8.2)
  - AppMetricaLibraryAdapter (5.8.2):
    - AppMetricaCore (= 5.8.2)
    - AppMetricaCoreExtension (= 5.8.2)
  - AppMetricaLog (5.8.2)
  - AppMetricaNetwork (5.8.2):
    - AppMetricaCoreUtils (= 5.8.2)
    - AppMetricaLog (= 5.8.2)
    - AppMetricaPlatform (= 5.8.2)
  - AppMetricaPlatform (5.8.2):
    - AppMetricaCoreUtils (= 5.8.2)
    - AppMetricaLog (= 5.8.2)
  - AppMetricaProtobuf (5.8.2)
  - AppMetricaProtobufUtils (5.8.2):
    - AppMetricaProtobuf (= 5.8.2)
  - AppMetricaStorageUtils (5.8.2):
    - AppMetricaCoreUtils (= 5.8.2)
    - AppMetricaLog (= 5.8.2)
  - BidMachine (3.2.0):
    - BidMachine/Static (= 3.2.0)
  - BidMachine/Static (3.2.0):
    - StackModules/Static (~> 3.1.0)
  - BigoADS (4.6.0)
  - ChartboostSDK (9.8.1)
  - DivKit (30.33.0):
    - DivKit_LayoutKit (= 30.33.0)
    - DivKit_Serialization (= 30.33.0)
    - VGSL (~> 6.0)
  - DivKit_LayoutKit (30.33.0):
    - DivKit_LayoutKitInterface (= 30.33.0)
    - VGSL (~> 6.0)
  - DivKit_LayoutKitInterface (30.33.0):
    - VGSL (~> 6.0)
  - DivKit_Serialization (30.33.0):
    - VGSL (~> 6.0)
  - DivKitBinaryCompatibilityFacade (4.5.0):
    - DivKit (~> 30.9)
  - FBAudienceNetwork (6.17.0)
  - Flutter (1.0.0)
  - Fyber_Marketplace_SDK (8.3.5)
  - GDTMobSDK (4.15.40)
  - Google-Mobile-Ads-SDK (12.1.0):
    - GoogleUserMessagingPlatform (>= 1.1)
  - GoogleUserMessagingPlatform (3.0.0)
  - InMobiSDK (10.8.0)
  - integration_test (0.0.1):
    - Flutter
  - IronSourceSDK (8.7.0.0)
  - KSCrash/Core (2.0.0)
  - KSCrash/Recording (2.0.0):
    - KSCrash/RecordingCore
  - KSCrash/RecordingCore (2.0.0):
    - KSCrash/Core
  - MintegralAdSDK/All (7.7.7):
    - MintegralAdSDK/BannerAd
    - MintegralAdSDK/BidNativeAd
    - MintegralAdSDK/InterstitialVideoAd
    - MintegralAdSDK/NativeAd
    - MintegralAdSDK/NativeAdvancedAd
    - MintegralAdSDK/NewInterstitialAd
    - MintegralAdSDK/RewardVideoAd
    - MintegralAdSDK/SplashAd
  - MintegralAdSDK/BannerAd (7.7.7):
    - MintegralAdSDK/NativeAd
  - MintegralAdSDK/BidNativeAd (7.7.7):
    - MintegralAdSDK/NativeAd
  - MintegralAdSDK/InterstitialVideoAd (7.7.7):
    - MintegralAdSDK/NativeAd
  - MintegralAdSDK/NativeAd (7.7.7)
  - MintegralAdSDK/NativeAdvancedAd (7.7.7):
    - MintegralAdSDK/NativeAd
  - MintegralAdSDK/NewInterstitialAd (7.7.7):
    - MintegralAdSDK/InterstitialVideoAd
    - MintegralAdSDK/NativeAd
  - MintegralAdSDK/RewardVideoAd (7.7.7):
    - MintegralAdSDK/NativeAd
  - MintegralAdSDK/SplashAd (7.7.7):
    - MintegralAdSDK/NativeAd
  - MolocoSDKiOS (3.7.1)
  - OMSDK_Appodeal (1.5.4)
  - OpenWrapSDK (4.4.0):
    - OpenWrapSDK/OpenWrap (= 4.4.0)
  - OpenWrapSDK/OpenWrap (4.4.0)
  - StackModules/Core-Static (3.1.0)
  - StackModules/ProductPresentation-Static (3.1.0):
    - StackModules/Core-Static
  - StackModules/Rendering-Static (3.1.0):
    - OMSDK_Appodeal (~> 1.5.2)
    - StackModules/Core-Static
    - StackModules/ProductPresentation-Static
  - StackModules/Static (3.1.0):
    - StackModules/Core-Static
    - StackModules/ProductPresentation-Static
    - StackModules/Rendering-Static
  - ToBid-iOS (4.5.4):
    - ToBid-iOS/ToBidSDK (= 4.5.4)
  - ToBid-iOS/BaiduAdapter (4.5.4):
    - ToBid-iOS/ToBidSDK
  - ToBid-iOS/KSAdapter (4.5.4):
    - ToBid-iOS/ToBidSDK
  - ToBid-iOS/ToBidSDK (4.5.4)
  - UnityAds (4.13.2)
  - VGSL (6.28.0):
    - VGSLFundamentals (= 6.28.0)
    - VGSLNetworking (= 6.28.0)
    - VGSLUI (= 6.28.0)
  - VGSLFundamentals (6.28.0)
  - VGSLNetworking (6.28.0):
    - VGSLFundamentals (= 6.28.0)
    - VGSLUI (= 6.28.0)
  - VGSLUI (6.28.0):
    - VGSLFundamentals (= 6.28.0)
  - VungleAds (7.4.4)
  - YandexMobileAds (7.10.2):
    - AppMetricaCore (< 6.0.0, >= 5.8.0)
    - AppMetricaCrashes (< 6.0.0, >= 5.8.0)
    - AppMetricaLibraryAdapter (< 6.0.0, >= 5.8.0)
    - DivKitBinaryCompatibilityFacade (= 4.5.0)
  - yodo1_mas_flutter_plugin (0.0.8):
    - Flutter
    - Yodo1MasFull (= 4.15.1)
  - Yodo1MasCore (4.15.1):
    - AFNetworking
    - GoogleUserMessagingPlatform
    - YYModel
  - Yodo1MasFull (4.15.1):
    - Yodo1MasCore (= 4.15.1)
    - Yodo1MasMediationAdMob (= 4.15.1)
    - Yodo1MasMediationApplovin (= 4.15.1)
    - Yodo1MasMediationBidMachine (= 4.15.1)
    - Yodo1MasMediationBigo (= 4.15.1)
    - Yodo1MasMediationChartboost (= 4.15.1)
    - Yodo1MasMediationCSJ (= 4.15.1)
    - Yodo1MasMediationFacebook (= 4.15.1)
    - Yodo1MasMediationFyber (= 4.15.1)
    - Yodo1MasMediationInMobi (= 4.15.1)
    - Yodo1MasMediationIronSource (= 4.15.1)
    - Yodo1MasMediationMintegral (= 4.15.1)
    - Yodo1MasMediationMoloco (= 4.15.1)
    - Yodo1MasMediationPangle (= 4.15.1)
    - Yodo1MasMediationPubMatic (= 4.15.1)
    - Yodo1MasMediationTencent (= 4.15.1)
    - Yodo1MasMediationToBid (= 4.15.1)
    - Yodo1MasMediationUnityAds (= 4.15.1)
    - Yodo1MasMediationVungle (= 4.15.1)
    - Yodo1MasMediationYandex (= 4.15.1)
    - Yodo1MasMediationYodo1 (= 4.15.1)
    - Yodo1MasMediationYso (= 4.15.1)
  - Yodo1MasMediationAdMob (4.15.1):
    - Yodo1MasMediationAdMob/AppLovin (= 4.15.1)
    - Yodo1MasMediationAdMob/Core (= 4.15.1)
  - Yodo1MasMediationAdMob/AppLovin (4.15.1):
    - AppLovinSDK (= 13.1.0)
    - Yodo1MasMediationAdMob/Core (= 4.15.1)
  - Yodo1MasMediationAdMob/Core (4.15.1):
    - Google-Mobile-Ads-SDK (= 12.1.0)
    - Yodo1MasCore (= 4.15.1)
  - Yodo1MasMediationApplovin (4.15.1):
    - Yodo1MasMediationApplovin/AdMob (= 4.15.1)
    - Yodo1MasMediationApplovin/Core (= 4.15.1)
  - Yodo1MasMediationApplovin/AdMob (4.15.1):
    - Google-Mobile-Ads-SDK (= 12.1.0)
    - Yodo1MasMediationApplovin/Core (= 4.15.1)
  - Yodo1MasMediationApplovin/Core (4.15.1):
    - AppLovinSDK (= 13.1.0)
    - Yodo1MasCore (= 4.15.1)
  - Yodo1MasMediationBidMachine (4.15.1):
    - Yodo1MasMediationBidMachine/AppLovin (= 4.15.1)
    - Yodo1MasMediationBidMachine/Core (= 4.15.1)
  - Yodo1MasMediationBidMachine/AppLovin (4.15.1):
    - AppLovinSDK (= 13.1.0)
    - Yodo1MasMediationBidMachine/Core (= 4.15.1)
  - Yodo1MasMediationBidMachine/Core (4.15.1):
    - BidMachine (= 3.2.0)
    - Yodo1MasCore (= 4.15.1)
  - Yodo1MasMediationBigo (4.15.1):
    - Yodo1MasMediationBigo/AppLovin (= 4.15.1)
    - Yodo1MasMediationBigo/Core (= 4.15.1)
  - Yodo1MasMediationBigo/AppLovin (4.15.1):
    - AppLovinSDK (= 13.1.0)
    - Yodo1MasMediationBigo/Core (= 4.15.1)
  - Yodo1MasMediationBigo/Core (4.15.1):
    - BigoADS (= 4.6.0)
    - Yodo1MasCore (= 4.15.1)
  - Yodo1MasMediationChartboost (4.15.1):
    - Yodo1MasMediationChartboost/AdMob (= 4.15.1)
    - Yodo1MasMediationChartboost/AppLovin (= 4.15.1)
    - Yodo1MasMediationChartboost/Core (= 4.15.1)
  - Yodo1MasMediationChartboost/AdMob (4.15.1):
    - Google-Mobile-Ads-SDK (= 12.1.0)
    - Yodo1MasMediationChartboost/Core (= 4.15.1)
  - Yodo1MasMediationChartboost/AppLovin (4.15.1):
    - AppLovinSDK (= 13.1.0)
    - Yodo1MasMediationChartboost/Core (= 4.15.1)
  - Yodo1MasMediationChartboost/Core (4.15.1):
    - ChartboostSDK (= 9.8.1)
    - Yodo1MasCore (= 4.15.1)
  - Yodo1MasMediationCSJ (4.15.1):
    - Yodo1MasMediationCSJ/Core (= 4.15.1)
    - Yodo1MasMediationCSJ/ToBid (= 4.15.1)
  - Yodo1MasMediationCSJ/Core (4.15.1):
    - Ads-CN/BUAdSDK (= 6.8.1.3)
    - Ads-CN/CSJMediation (= 6.8.1.3)
    - Yodo1MasCore (= 4.15.1)
  - Yodo1MasMediationCSJ/ToBid (4.15.1):
    - ToBid-iOS (= 4.5.4)
    - Yodo1MasMediationCSJ/Core (= 4.15.1)
  - Yodo1MasMediationFacebook (4.15.1):
    - Yodo1MasMediationFacebook/AdMob (= 4.15.1)
    - Yodo1MasMediationFacebook/AppLovin (= 4.15.1)
    - Yodo1MasMediationFacebook/Core (= 4.15.1)
  - Yodo1MasMediationFacebook/AdMob (4.15.1):
    - Google-Mobile-Ads-SDK (= 12.1.0)
    - Yodo1MasMediationFacebook/Core (= 4.15.1)
  - Yodo1MasMediationFacebook/AppLovin (4.15.1):
    - AppLovinSDK (= 13.1.0)
    - Yodo1MasMediationFacebook/Core (= 4.15.1)
  - Yodo1MasMediationFacebook/Core (4.15.1):
    - FBAudienceNetwork (= 6.17.0)
    - Yodo1MasCore (= 4.15.1)
  - Yodo1MasMediationFyber (4.15.1):
    - Yodo1MasMediationFyber/AdMob (= 4.15.1)
    - Yodo1MasMediationFyber/AppLovin (= 4.15.1)
    - Yodo1MasMediationFyber/Core (= 4.15.1)
  - Yodo1MasMediationFyber/AdMob (4.15.1):
    - Google-Mobile-Ads-SDK (= 12.1.0)
    - Yodo1MasMediationFyber/Core (= 4.15.1)
  - Yodo1MasMediationFyber/AppLovin (4.15.1):
    - AppLovinSDK (= 13.1.0)
    - Yodo1MasMediationFyber/Core (= 4.15.1)
  - Yodo1MasMediationFyber/Core (4.15.1):
    - Fyber_Marketplace_SDK (= 8.3.5)
    - Yodo1MasCore (= 4.15.1)
  - Yodo1MasMediationInMobi (4.15.1):
    - Yodo1MasMediationInMobi/AdMob (= 4.15.1)
    - Yodo1MasMediationInMobi/AppLovin (= 4.15.1)
    - Yodo1MasMediationInMobi/Core (= 4.15.1)
  - Yodo1MasMediationInMobi/AdMob (4.15.1):
    - Google-Mobile-Ads-SDK (= 12.1.0)
    - Yodo1MasMediationInMobi/Core (= 4.15.1)
  - Yodo1MasMediationInMobi/AppLovin (4.15.1):
    - AppLovinSDK (= 13.1.0)
    - Yodo1MasMediationInMobi/Core (= 4.15.1)
  - Yodo1MasMediationInMobi/Core (4.15.1):
    - InMobiSDK (= 10.8.0)
    - Yodo1MasCore (= 4.15.1)
  - Yodo1MasMediationIronSource (4.15.1):
    - Yodo1MasMediationIronSource/AdMob (= 4.15.1)
    - Yodo1MasMediationIronSource/AppLovin (= 4.15.1)
    - Yodo1MasMediationIronSource/Core (= 4.15.1)
  - Yodo1MasMediationIronSource/AdMob (4.15.1):
    - Google-Mobile-Ads-SDK (= 12.1.0)
    - Yodo1MasMediationIronSource/Core (= 4.15.1)
  - Yodo1MasMediationIronSource/AppLovin (4.15.1):
    - AppLovinSDK (= 13.1.0)
    - Yodo1MasMediationIronSource/Core (= 4.15.1)
  - Yodo1MasMediationIronSource/Core (4.15.1):
    - IronSourceSDK (= 8.7.0.0)
    - Yodo1MasCore (= 4.15.1)
  - Yodo1MasMediationMintegral (4.15.1):
    - Yodo1MasMediationMintegral/AdMob (= 4.15.1)
    - Yodo1MasMediationMintegral/AppLovin (= 4.15.1)
    - Yodo1MasMediationMintegral/Core (= 4.15.1)
  - Yodo1MasMediationMintegral/AdMob (4.15.1):
    - Google-Mobile-Ads-SDK (= 12.1.0)
    - Yodo1MasMediationMintegral/Core (= 4.15.1)
  - Yodo1MasMediationMintegral/AppLovin (4.15.1):
    - AppLovinSDK (= 13.1.0)
    - Yodo1MasMediationMintegral/Core (= 4.15.1)
  - Yodo1MasMediationMintegral/Core (4.15.1):
    - MintegralAdSDK/All (= 7.7.7)
    - Yodo1MasCore (= 4.15.1)
  - Yodo1MasMediationMoloco (4.15.1):
    - Yodo1MasMediationMoloco/AppLovin (= 4.15.1)
    - Yodo1MasMediationMoloco/Core (= 4.15.1)
  - Yodo1MasMediationMoloco/AppLovin (4.15.1):
    - AppLovinSDK (= 13.1.0)
    - Yodo1MasMediationMoloco/Core (= 4.15.1)
  - Yodo1MasMediationMoloco/Core (4.15.1):
    - MolocoSDKiOS (= 3.7.1)
    - Yodo1MasCore (= 4.15.1)
  - Yodo1MasMediationPangle (4.15.1):
    - Yodo1MasMediationPangle/AdMob (= 4.15.1)
    - Yodo1MasMediationPangle/AppLovin (= 4.15.1)
    - Yodo1MasMediationPangle/Core (= 4.15.1)
  - Yodo1MasMediationPangle/AdMob (4.15.1):
    - Google-Mobile-Ads-SDK (= 12.1.0)
    - Yodo1MasMediationPangle/Core (= 4.15.1)
  - Yodo1MasMediationPangle/AppLovin (4.15.1):
    - AppLovinSDK (= 13.1.0)
    - Yodo1MasMediationPangle/Core (= 4.15.1)
  - Yodo1MasMediationPangle/Core (4.15.1):
    - Ads-Global (= 6.5.0.8)
    - Yodo1MasCore (= 4.15.1)
  - Yodo1MasMediationPubMatic (4.15.1):
    - Yodo1MasMediationPubMatic/AppLovin (= 4.15.1)
    - Yodo1MasMediationPubMatic/Core (= 4.15.1)
  - Yodo1MasMediationPubMatic/AppLovin (4.15.1):
    - AppLovinSDK (= 13.1.0)
    - Yodo1MasMediationPubMatic/Core (= 4.15.1)
  - Yodo1MasMediationPubMatic/Core (4.15.1):
    - OpenWrapSDK (= 4.4.0)
    - Yodo1MasCore (= 4.15.1)
  - Yodo1MasMediationTencent (4.15.1):
    - Yodo1MasMediationTencent/Core (= 4.15.1)
    - Yodo1MasMediationTencent/ToBid (= 4.15.1)
  - Yodo1MasMediationTencent/Core (4.15.1):
    - GDTMobSDK (= 4.15.40)
    - Yodo1MasCore (= 4.15.1)
  - Yodo1MasMediationTencent/ToBid (4.15.1):
    - ToBid-iOS (= 4.5.4)
    - Yodo1MasMediationTencent/Core (= 4.15.1)
  - Yodo1MasMediationToBid (4.15.1):
    - Yodo1MasMediationToBid/Core (= 4.15.1)
  - Yodo1MasMediationToBid/Core (4.15.1):
    - ToBid-iOS (= 4.5.4)
    - ToBid-iOS/BaiduAdapter (= 4.5.4)
    - ToBid-iOS/KSAdapter (= 4.5.4)
    - Yodo1MasCore (= 4.15.1)
  - Yodo1MasMediationUnityAds (4.15.1):
    - Yodo1MasMediationUnityAds/AdMob (= 4.15.1)
    - Yodo1MasMediationUnityAds/AppLovin (= 4.15.1)
    - Yodo1MasMediationUnityAds/Core (= 4.15.1)
  - Yodo1MasMediationUnityAds/AdMob (4.15.1):
    - Google-Mobile-Ads-SDK (= 12.1.0)
    - Yodo1MasMediationUnityAds/Core (= 4.15.1)
  - Yodo1MasMediationUnityAds/AppLovin (4.15.1):
    - AppLovinSDK (= 13.1.0)
    - Yodo1MasMediationUnityAds/Core (= 4.15.1)
  - Yodo1MasMediationUnityAds/Core (4.15.1):
    - UnityAds (= 4.13.2)
    - Yodo1MasCore (= 4.15.1)
  - Yodo1MasMediationVungle (4.15.1):
    - Yodo1MasMediationVungle/AdMob (= 4.15.1)
    - Yodo1MasMediationVungle/AppLovin (= 4.15.1)
    - Yodo1MasMediationVungle/Core (= 4.15.1)
  - Yodo1MasMediationVungle/AdMob (4.15.1):
    - Google-Mobile-Ads-SDK (= 12.1.0)
    - Yodo1MasMediationVungle/Core (= 4.15.1)
  - Yodo1MasMediationVungle/AppLovin (4.15.1):
    - AppLovinSDK (= 13.1.0)
    - Yodo1MasMediationVungle/Core (= 4.15.1)
  - Yodo1MasMediationVungle/Core (4.15.1):
    - VungleAds (= 7.4.4)
    - Yodo1MasCore (= 4.15.1)
  - Yodo1MasMediationYandex (4.15.1):
    - Yodo1MasMediationYandex/AppLovin (= 4.15.1)
    - Yodo1MasMediationYandex/Core (= 4.15.1)
  - Yodo1MasMediationYandex/AppLovin (4.15.1):
    - AppLovinSDK (= 13.1.0)
    - Yodo1MasMediationYandex/Core (= 4.15.1)
  - Yodo1MasMediationYandex/Core (4.15.1):
    - AppMetricaCore (= 5.8.2)
    - AppMetricaCrashes (= 5.8.2)
    - AppMetricaLibraryAdapter (= 5.8.2)
    - DivKitBinaryCompatibilityFacade (= 4.5.0)
    - YandexMobileAds (= 7.10.2)
    - Yodo1MasCore (= 4.15.1)
  - Yodo1MasMediationYodo1 (4.15.1):
    - Yodo1MasCore (= 4.15.1)
  - Yodo1MasMediationYso (4.15.1):
    - Yodo1MasMediationYso/AppLovin (= 4.15.1)
    - Yodo1MasMediationYso/Core (= 4.15.1)
  - Yodo1MasMediationYso/AppLovin (4.15.1):
    - AppLovinSDK (= 13.1.0)
    - Yodo1MasMediationYso/Core (= 4.15.1)
  - Yodo1MasMediationYso/Core (4.15.1):
    - Yodo1MasCore (= 4.15.1)
    - YsoNetworkSDK (= 1.1.31)
  - YsoNetworkSDK (1.1.31)
  - YYModel (1.0.4)

DEPENDENCIES:
  - Flutter (from `Flutter`)
  - integration_test (from `.symlinks/plugins/integration_test/ios`)
  - yodo1_mas_flutter_plugin (from `.symlinks/plugins/yodo1_mas_flutter_plugin/ios`)

SPEC REPOS:
  https://github.com/CocoaPods/Specs.git:
    - Ads-CN
    - Ads-Global
    - AFNetworking
    - AppLovinSDK
    - AppMetricaCoreExtension
    - AppMetricaCoreUtils
    - AppMetricaEncodingUtils
    - AppMetricaFMDB
    - AppMetricaHostState
    - AppMetricaLog
    - AppMetricaNetwork
    - AppMetricaPlatform
    - AppMetricaProtobuf
    - AppMetricaProtobufUtils
    - AppMetricaStorageUtils
    - BidMachine
    - BigoADS
    - ChartboostSDK
    - DivKit
    - DivKit_LayoutKit
    - DivKit_LayoutKitInterface
    - DivKit_Serialization
    - DivKitBinaryCompatibilityFacade
    - FBAudienceNetwork
    - Fyber_Marketplace_SDK
    - GDTMobSDK
    - Google-Mobile-Ads-SDK
    - InMobiSDK
    - IronSourceSDK
    - KSCrash
    - MintegralAdSDK
    - MolocoSDKiOS
    - OMSDK_Appodeal
    - OpenWrapSDK
    - StackModules
    - ToBid-iOS
    - UnityAds
    - VGSL
    - VGSLFundamentals
    - VGSLNetworking
    - VGSLUI
    - VungleAds
    - YandexMobileAds
    - YsoNetworkSDK
    - YYModel
  https://github.com/Yodo1Games/MAS-Spec.git:
    - Yodo1MasCore
    - Yodo1MasFull
    - Yodo1MasMediationAdMob
    - Yodo1MasMediationApplovin
    - Yodo1MasMediationBidMachine
    - Yodo1MasMediationBigo
    - Yodo1MasMediationChartboost
    - Yodo1MasMediationCSJ
    - Yodo1MasMediationFacebook
    - Yodo1MasMediationFyber
    - Yodo1MasMediationInMobi
    - Yodo1MasMediationIronSource
    - Yodo1MasMediationMintegral
    - Yodo1MasMediationMoloco
    - Yodo1MasMediationPangle
    - Yodo1MasMediationPubMatic
    - Yodo1MasMediationTencent
    - Yodo1MasMediationToBid
    - Yodo1MasMediationUnityAds
    - Yodo1MasMediationVungle
    - Yodo1MasMediationYandex
    - Yodo1MasMediationYodo1
    - Yodo1MasMediationYso
  trunk:
    - AppMetricaCore
    - AppMetricaCrashes
    - AppMetricaLibraryAdapter
    - GoogleUserMessagingPlatform

EXTERNAL SOURCES:
  Flutter:
    :path: Flutter
  integration_test:
    :path: ".symlinks/plugins/integration_test/ios"
  yodo1_mas_flutter_plugin:
    :path: ".symlinks/plugins/yodo1_mas_flutter_plugin/ios"

SPEC CHECKSUMS:
  Ads-CN: 77ba9b983fada89a222faac15554f61f9c355efd
  Ads-Global: a5f72fa6a7de699d8190c22fbcb3cd39a42440f0
  AFNetworking: 3bd23d814e976cd148d7d44c3ab78017b744cd58
  AppLovinSDK: 539a0178d8bef4d68b2551a93526e0c1bba06cb2
  AppMetricaCore: bf95c826ec74260b8c81cca9fc21efb8aea52a70
  AppMetricaCoreExtension: 9cf386437072bb2bb578eb0b7654b3e3f53f3abf
  AppMetricaCoreUtils: e272b7ae0d4da73e178cc9d7cf391ce67c713d61
  AppMetricaCrashes: 2a47cc39a691f9751c2a73e20ce5e06f5a9cdc64
  AppMetricaEncodingUtils: ee11733ecad85bf10d513920ef091bbc0ae5f2c7
  AppMetricaFMDB: 44ffa4aa173513c04af2a1fbf6dfc180f266872a
  AppMetricaHostState: c6a10727120cdd4d7eaaabf57f9e562ec9cd6b0f
  AppMetricaLibraryAdapter: 8911b7ad37709505d6143158126ff7896d2834a2
  AppMetricaLog: 49eb3d5ef7d4288a388cc34eaa53cbcd42241b8a
  AppMetricaNetwork: f29d5bedc1abb6dff4be1f89422e5403dcda7dee
  AppMetricaPlatform: f3423676add2e9a61b6b67f2692f385b62bf87a8
  AppMetricaProtobuf: d895f7478c9e90ac3a50bd2f2ae8bd022205dbd1
  AppMetricaProtobufUtils: 2e4134f486620a27306940347265c824784c906c
  AppMetricaStorageUtils: d4b1470acba258fe9a07d9860defdeb93096b89b
  BidMachine: b5d8236e691a0c71fbb95a72e86f3ec189f1a8a9
  BigoADS: c4d9ec9cf6d3346843e126cdba111647ec402d9b
  ChartboostSDK: 5d387aeccf2748cd71c0b033e6c2cad4a558b308
  DivKit: 5b176400aa1667fddc9fb30530f1c5a5ef93a7e5
  DivKit_LayoutKit: 052ae0577535f6be202aeb64184fe98bcda1972c
  DivKit_LayoutKitInterface: d6f4493c7bf5823f989795a2189934541596df3b
  DivKit_Serialization: 37160aa27d0be33347d24d2667af886c5b66cc27
  DivKitBinaryCompatibilityFacade: 3de9fa5c024e2a8c1b798711c4c9aafd0be9b5c8
  FBAudienceNetwork: 0f84c13e480f480a1290ca998f82533a3f476c14
  Flutter: e0871f40cf51350855a761d2e70bf5af5b9b5de7
  Fyber_Marketplace_SDK: 8b042ecd850accf338a052ca23a4e105f71154ec
  GDTMobSDK: ec2e9b392268a556e4d5e6ade6d00885d76a2cc5
  Google-Mobile-Ads-SDK: c9e5722cac79b39241d13b911f9f1eb21bdd0802
  GoogleUserMessagingPlatform: f8d0cdad3ca835406755d0a69aa634f00e76d576
  InMobiSDK: 0cfb1a1eb5112fa0236ae1fab549e31fb96c9566
  integration_test: 252f60fa39af5e17c3aa9899d35d908a0721b573
  IronSourceSDK: 0b5a640179ef91acc637332608183a05db1757df
  KSCrash: ad271a7799f0a2841be0fb7d6bd105444c440832
  MintegralAdSDK: 190c6cd3d83b31b51833e3341857c58dc430da2e
  MolocoSDKiOS: 280731da6ce025f483fdd5964cea1bf921d88f3d
  OMSDK_Appodeal: 9ed58fc8cabfbe31637cd267b35c1f86d227c49d
  OpenWrapSDK: 70a433086186431c0eb2029ad049bc2175bfd3b5
  StackModules: f43fdc3fc047c0e208a6a44d604c97b2d1651bd7
  ToBid-iOS: 4e5189ff12ab1e743305349b3370736b85179092
  UnityAds: 3588f23a66cd6d4956c2c54d50d10242b24e60af
  VGSL: 459a7561a2002f9698e58cacfa2888708010ba78
  VGSLFundamentals: 55fbbcdf3073dc2384905017f8e2a43fca1f3707
  VGSLNetworking: ef1ee8f8e2632aaeb742bc576f9dd881e34e0db6
  VGSLUI: 3e1966b09a48dd4bd874fee3b29948e8a5c449ee
  VungleAds: 7ceb822f20a6619d8d9ed6a616dacd8cc5b05036
  YandexMobileAds: 542436418fcfaafe45f95feebf3816f2e1a6395c
  yodo1_mas_flutter_plugin: 389deaba7266100f9bc7ec94ddddc33560e9aa61
  Yodo1MasCore: d998ec3d1bf4055db851d8fef72b791869165653
  Yodo1MasFull: ff61baac1f3e7b4be9e280c31c263972ae9a2c0f
  Yodo1MasMediationAdMob: 4403af3292feb63371e48f269823dcb73e016825
  Yodo1MasMediationApplovin: c70998e5cf4a117adb8a6413bb2deeec41a1f224
  Yodo1MasMediationBidMachine: 2728afb82a1cba5501caa29982bfd88f8675a0f3
  Yodo1MasMediationBigo: aca9068b1a9b0d9896941c6fb87145f0c1e26d35
  Yodo1MasMediationChartboost: 4333f3a8072db1893651f54e4d9cf85831dbc194
  Yodo1MasMediationCSJ: 5efc961f2bde8f88c4a13ed3d73d527c9d978749
  Yodo1MasMediationFacebook: 345391b4a4326552ec94f543a4bb4da6c6b4e105
  Yodo1MasMediationFyber: 3e75ba93f7bfd413f0790aba8dd84ebd1e1cafc4
  Yodo1MasMediationInMobi: 69f6bf96c180b5736cfae5d561e40e32ac352a37
  Yodo1MasMediationIronSource: dc11919001003fd89f854637d57a6f547d31bb21
  Yodo1MasMediationMintegral: 1d761a346d260b1d8aaea0a7906122df294f4434
  Yodo1MasMediationMoloco: 98f94dd81592d71d17fa472b9086d78f9a8e2185
  Yodo1MasMediationPangle: 9fdd188bdb033855460b76a3f06c370993a7dbad
  Yodo1MasMediationPubMatic: 14f213892c774d26708e645961a34c11f062338f
  Yodo1MasMediationTencent: 67c40564cb221e50ca7f6a41136c57745b8ad133
  Yodo1MasMediationToBid: eeffc00354ff5db9d3503026840e92ef28d6bbe0
  Yodo1MasMediationUnityAds: bdf731f17328cf5279f623bc2735bc21a17f8a45
  Yodo1MasMediationVungle: 21250137ab9c958ca9ddeefbb7516374a201786e
  Yodo1MasMediationYandex: 9ec9de795bc92143becbe1f6d124d690464020ae
  Yodo1MasMediationYodo1: cb974d71a5b843f75fbac353d48e95bf86f15ce4
  Yodo1MasMediationYso: 21e7c4ead6d60cbe43c8722448301cc1824667bf
  YsoNetworkSDK: dece34b4a8fdfa85e0ac73a9d22e5df068351669
  YYModel: 2a7fdd96aaa4b86a824e26d0c517de8928c04b30

PODFILE CHECKSUM: 56f35bf5a6be51991c58f987355396f67bffd89e

COCOAPODS: 1.15.2
